// !$*UTF8*$!
{
	archiveVersion = 1;
	classes = {
	};
	objectVersion = 50;
	objects = {

/* Begin PBXBuildFile section */
		927518E58301AF7644856953 /* Pods_ToDo_List.framework in Frameworks */ = {isa = PBXBuildFile; fileRef = 8E509C54E0D8B5B81B951477 /* Pods_ToDo_List.framework */; };
		9F288094216F351D002E2C4E /* AppDelegate.swift in Sources */ = {isa = PBXBuildFile; fileRef = 9F288093216F351D002E2C4E /* AppDelegate.swift */; };
		9F288096216F351D002E2C4E /* ToDoListViewController.swift in Sources */ = {isa = PBXBuildFile; fileRef = 9F288095216F351D002E2C4E /* ToDoListViewController.swift */; };
		9F288099216F351D002E2C4E /* Main.storyboard in Resources */ = {isa = PBXBuildFile; fileRef = 9F288097216F351D002E2C4E /* Main.storyboard */; };
		9F28809B216F351E002E2C4E /* Assets.xcassets in Resources */ = {isa = PBXBuildFile; fileRef = 9F28809A216F351E002E2C4E /* Assets.xcassets */; };
		9F28809E216F351E002E2C4E /* LaunchScreen.storyboard in Resources */ = {isa = PBXBuildFile; fileRef = 9F28809C216F351E002E2C4E /* LaunchScreen.storyboard */; };
		9F694B632171F64C003EFCF0 /* CategoryViewController.swift in Sources */ = {isa = PBXBuildFile; fileRef = 9F694B622171F64C003EFCF0 /* CategoryViewController.swift */; };
		9FA15FC8217C517B00D333BE /* Item.swift in Sources */ = {isa = PBXBuildFile; fileRef = 9FA15FC7217C517B00D333BE /* Item.swift */; };
		9FA15FCA217C518600D333BE /* Category.swift in Sources */ = {isa = PBXBuildFile; fileRef = 9FA15FC9217C518600D333BE /* Category.swift */; };
/* End PBXBuildFile section */

/* Begin PBXFileReference section */
		641C4609DF1CE0B7B5A87507 /* Pods-ToDo-List.debug.xcconfig */ = {isa = PBXFileReference; includeInIndex = 1; lastKnownFileType = text.xcconfig; name = "Pods-ToDo-List.debug.xcconfig"; path = "Pods/Target Support Files/Pods-ToDo-List/Pods-ToDo-List.debug.xcconfig"; sourceTree = "<group>"; };
		8E509C54E0D8B5B81B951477 /* Pods_ToDo_List.framework */ = {isa = PBXFileReference; explicitFileType = wrapper.framework; includeInIndex = 0; path = Pods_ToDo_List.framework; sourceTree = BUILT_PRODUCTS_DIR; };
		9F288090216F351D002E2C4E /* ToDo-List.app */ = {isa = PBXFileReference; explicitFileType = wrapper.application; includeInIndex = 0; path = "ToDo-List.app"; sourceTree = BUILT_PRODUCTS_DIR; };
		9F288093216F351D002E2C4E /* AppDelegate.swift */ = {isa = PBXFileReference; lastKnownFileType = sourcecode.swift; path = AppDelegate.swift; sourceTree = "<group>"; };
		9F288095216F351D002E2C4E /* ToDoListViewController.swift */ = {isa = PBXFileReference; lastKnownFileType = sourcecode.swift; path = ToDoListViewController.swift; sourceTree = "<group>"; };
		9F288098216F351D002E2C4E /* Base */ = {isa = PBXFileReference; lastKnownFileType = file.storyboard; name = Base; path = Base.lproj/Main.storyboard; sourceTree = "<group>"; };
		9F28809A216F351E002E2C4E /* Assets.xcassets */ = {isa = PBXFileReference; lastKnownFileType = folder.assetcatalog; path = Assets.xcassets; sourceTree = "<group>"; };
		9F28809D216F351E002E2C4E /* Base */ = {isa = PBXFileReference; lastKnownFileType = file.storyboard; name = Base; path = Base.lproj/LaunchScreen.storyboard; sourceTree = "<group>"; };
		9F694B622171F64C003EFCF0 /* CategoryViewController.swift */ = {isa = PBXFileReference; lastKnownFileType = sourcecode.swift; path = CategoryViewController.swift; sourceTree = "<group>"; };
		9F7D0C3A21723B47009BDE0B /* Info.plist */ = {isa = PBXFileReference; lastKnownFileType = text.plist.xml; path = Info.plist; sourceTree = "<group>"; };
		9FA15FC7217C517B00D333BE /* Item.swift */ = {isa = PBXFileReference; lastKnownFileType = sourcecode.swift; path = Item.swift; sourceTree = "<group>"; };
		9FA15FC9217C518600D333BE /* Category.swift */ = {isa = PBXFileReference; lastKnownFileType = sourcecode.swift; path = Category.swift; sourceTree = "<group>"; };
		CCA84FB32756BE17296D93F4 /* Pods-ToDo-List.release.xcconfig */ = {isa = PBXFileReference; includeInIndex = 1; lastKnownFileType = text.xcconfig; name = "Pods-ToDo-List.release.xcconfig"; path = "Pods/Target Support Files/Pods-ToDo-List/Pods-ToDo-List.release.xcconfig"; sourceTree = "<group>"; };
/* End PBXFileReference section */

/* Begin PBXFrameworksBuildPhase section */
		9F28808D216F351D002E2C4E /* Frameworks */ = {
			isa = PBXFrameworksBuildPhase;
			buildActionMask = 2147483647;
			files = (
				927518E58301AF7644856953 /* Pods_ToDo_List.framework in Frameworks */,
			);
			runOnlyForDeploymentPostprocessing = 0;
		};
/* End PBXFrameworksBuildPhase section */

/* Begin PBXGroup section */
		345011806D1385F255CE7F3F /* Frameworks */ = {
			isa = PBXGroup;
			children = (
				8E509C54E0D8B5B81B951477 /* Pods_ToDo_List.framework */,
			);
			name = Frameworks;
			sourceTree = "<group>";
		};
		42BFB72DEB0AC46A47866780 /* Pods */ = {
			isa = PBXGroup;
			children = (
				641C4609DF1CE0B7B5A87507 /* Pods-ToDo-List.debug.xcconfig */,
				CCA84FB32756BE17296D93F4 /* Pods-ToDo-List.release.xcconfig */,
			);
			name = Pods;
			sourceTree = "<group>";
		};
		9F288087216F351D002E2C4E = {
			isa = PBXGroup;
			children = (
				9F288092216F351D002E2C4E /* ToDo-List */,
				9F288091216F351D002E2C4E /* Products */,
				42BFB72DEB0AC46A47866780 /* Pods */,
				345011806D1385F255CE7F3F /* Frameworks */,
			);
			sourceTree = "<group>";
		};
		9F288091216F351D002E2C4E /* Products */ = {
			isa = PBXGroup;
			children = (
				9F288090216F351D002E2C4E /* ToDo-List.app */,
			);
			name = Products;
			sourceTree = "<group>";
		};
		9F288092216F351D002E2C4E /* ToDo-List */ = {
			isa = PBXGroup;
			children = (
				9F288093216F351D002E2C4E /* AppDelegate.swift */,
				9FE5E489216F9B5800493D82 /* Controllers */,
				9FE5E487216F9B4200493D82 /* Data Model */,
				9FE5E488216F9B4B00493D82 /* Views */,
				9FE5E48A216F9BEC00493D82 /* Supporting Files */,
				9F7D0C3A21723B47009BDE0B /* Info.plist */,
			);
			path = "ToDo-List";
			sourceTree = "<group>";
		};
		9FE5E487216F9B4200493D82 /* Data Model */ = {
			isa = PBXGroup;
			children = (
				9FA15FC7217C517B00D333BE /* Item.swift */,
				9FA15FC9217C518600D333BE /* Category.swift */,
			);
			path = "Data Model";
			sourceTree = "<group>";
		};
		9FE5E488216F9B4B00493D82 /* Views */ = {
			isa = PBXGroup;
			children = (
				9F28809C216F351E002E2C4E /* LaunchScreen.storyboard */,
				9F288097216F351D002E2C4E /* Main.storyboard */,
			);
			path = Views;
			sourceTree = "<group>";
		};
		9FE5E489216F9B5800493D82 /* Controllers */ = {
			isa = PBXGroup;
			children = (
				9F694B622171F64C003EFCF0 /* CategoryViewController.swift */,
				9F288095216F351D002E2C4E /* ToDoListViewController.swift */,
			);
			path = Controllers;
			sourceTree = "<group>";
		};
		9FE5E48A216F9BEC00493D82 /* Supporting Files */ = {
			isa = PBXGroup;
			children = (
				9F28809A216F351E002E2C4E /* Assets.xcassets */,
			);
			path = "Supporting Files";
			sourceTree = "<group>";
		};
/* End PBXGroup section */

/* Begin PBXNativeTarget section */
		9F28808F216F351D002E2C4E /* ToDo-List */ = {
			isa = PBXNativeTarget;
			buildConfigurationList = 9F2880A2216F351E002E2C4E /* Build configuration list for PBXNativeTarget "ToDo-List" */;
			buildPhases = (
				3278C59B41C83CA6F870DADF /* [CP] Check Pods Manifest.lock */,
				9F28808C216F351D002E2C4E /* Sources */,
				9F28808D216F351D002E2C4E /* Frameworks */,
				9F28808E216F351D002E2C4E /* Resources */,
				77BB657498DFD3AF3DC00950 /* [CP] Embed Pods Frameworks */,
			);
			buildRules = (
			);
			dependencies = (
			);
			name = "ToDo-List";
			productName = "ToDo-List";
			productReference = 9F288090216F351D002E2C4E /* ToDo-List.app */;
			productType = "com.apple.product-type.application";
		};
/* End PBXNativeTarget section */

/* Begin PBXProject section */
		9F288088216F351D002E2C4E /* Project object */ = {
			isa = PBXProject;
			attributes = {
				LastSwiftUpdateCheck = 1000;
				LastUpgradeCheck = 1000;
				ORGANIZATIONNAME = "Eric Sans Alvarez";
				TargetAttributes = {
					9F28808F216F351D002E2C4E = {
						CreatedOnToolsVersion = 10.0;
					};
				};
			};
			buildConfigurationList = 9F28808B216F351D002E2C4E /* Build configuration list for PBXProject "ToDo-List" */;
			compatibilityVersion = "Xcode 9.3";
			developmentRegion = en;
			hasScannedForEncodings = 0;
			knownRegions = (
				en,
				Base,
			);
			mainGroup = 9F288087216F351D002E2C4E;
			productRefGroup = 9F288091216F351D002E2C4E /* Products */;
			projectDirPath = "";
			projectRoot = "";
			targets = (
				9F28808F216F351D002E2C4E /* ToDo-List */,
			);
		};
/* End PBXProject section */

/* Begin PBXResourcesBuildPhase section */
		9F28808E216F351D002E2C4E /* Resources */ = {
			isa = PBXResourcesBuildPhase;
			buildActionMask = 2147483647;
			files = (
				9F28809E216F351E002E2C4E /* LaunchScreen.storyboard in Resources */,
				9F28809B216F351E002E2C4E /* Assets.xcassets in Resources */,
				9F288099216F351D002E2C4E /* Main.storyboard in Resources */,
			);
			runOnlyForDeploymentPostprocessing = 0;
		};
/* End PBXResourcesBuildPhase section */

/* Begin PBXShellScriptBuildPhase section */
		3278C59B41C83CA6F870DADF /* [CP] Check Pods Manifest.lock */ = {
			isa = PBXShellScriptBuildPhase;
			buildActionMask = 2147483647;
			files = (
			);
			inputFileListPaths = (
			);
			inputPaths = (
				"${PODS_PODFILE_DIR_PATH}/Podfile.lock",
				"${PODS_ROOT}/Manifest.lock",
			);
			name = "[CP] Check Pods Manifest.lock";
			outputFileListPaths = (
			);
			outputPaths = (
				"$(DERIVED_FILE_DIR)/Pods-ToDo-List-checkManifestLockResult.txt",
			);
			runOnlyForDeploymentPostprocessing = 0;
			shellPath = /bin/sh;
			shellScript = "diff \"${PODS_PODFILE_DIR_PATH}/Podfile.lock\" \"${PODS_ROOT}/Manifest.lock\" > /dev/null\nif [ $? != 0 ] ; then\n    # print error to STDERR\n    echo \"error: The sandbox is not in sync with the Podfile.lock. Run 'pod install' or update your CocoaPods installation.\" >&2\n    exit 1\nfi\n# This output is used by Xcode 'outputs' to avoid re-running this script phase.\necho \"SUCCESS\" > \"${SCRIPT_OUTPUT_FILE_0}\"\n";
			showEnvVarsInLog = 0;
		};
		77BB657498DFD3AF3DC00950 /* [CP] Embed Pods Frameworks */ = {
			isa = PBXShellScriptBuildPhase;
			buildActionMask = 2147483647;
			files = (
			);
			inputFileListPaths = (
			);
			inputPaths = (
				"${SRCROOT}/Pods/Target Support Files/Pods-ToDo-List/Pods-ToDo-List-frameworks.sh",
				"${BUILT_PRODUCTS_DIR}/Realm/Realm.framework",
				"${BUILT_PRODUCTS_DIR}/RealmSwift/RealmSwift.framework",
			);
			name = "[CP] Embed Pods Frameworks";
			outputFileListPaths = (
			);
			outputPaths = (
				"${TARGET_BUILD_DIR}/${FRAMEWORKS_FOLDER_PATH}/Realm.framework",
				"${TARGET_BUILD_DIR}/${FRAMEWORKS_FOLDER_PATH}/RealmSwift.framework",
			);
			runOnlyForDeploymentPostprocessing = 0;
			shellPath = /bin/sh;
			shellScript = "\"${SRCROOT}/Pods/Target Support Files/Pods-ToDo-List/Pods-ToDo-List-frameworks.sh\"\n";
			showEnvVarsInLog = 0;
		};
/* End PBXShellScriptBuildPhase section */

/* Begin PBXSourcesBuildPhase section */
		9F28808C216F351D002E2C4E /* Sources */ = {
			isa = PBXSourcesBuildPhase;
			buildActionMask = 2147483647;
			files = (
				9F288096216F351D002E2C4E /* ToDoListViewController.swift in Sources */,
				9F288094216F351D002E2C4E /* AppDelegate.swift in Sources */,
				9FA15FC8217C517B00D333BE /* Item.swift in Sources */,
				9F694B632171F64C003EFCF0 /* CategoryViewController.swift in Sources */,
				9FA15FCA217C518600D333BE /* Category.swift in Sources */,
			);
			runOnlyForDeploymentPostprocessing = 0;
		};
/* End PBXSourcesBuildPhase section */

/* Begin PBXVariantGroup section */
		9F288097216F351D002E2C4E /* Main.storyboard */ = {
			isa = PBXVariantGroup;
			children = (
				9F288098216F351D002E2C4E /* Base */,
			);
			name = Main.storyboard;
			sourceTree = "<group>";
		};
		9F28809C216F351E002E2C4E /* LaunchScreen.storyboard */ = {
			isa = PBXVariantGroup;
			children = (
				9F28809D216F351E002E2C4E /* Base */,
			);
			name = LaunchScreen.storyboard;
			sourceTree = "<group>";
		};
/* End PBXVariantGroup section */

/* Begin XCBuildConfiguration section */
		9F2880A0216F351E002E2C4E /* Debug */ = {
			isa = XCBuildConfiguration;
			buildSettings = {
				ALWAYS_SEARCH_USER_PATHS = NO;
				CLANG_ANALYZER_NONNULL = YES;
				CLANG_ANALYZER_NUMBER_OBJECT_CONVERSION = YES_AGGRESSIVE;
				CLANG_CXX_LANGUAGE_STANDARD = "gnu++14";
				CLANG_CXX_LIBRARY = "libc++";
				CLANG_ENABLE_MODULES = YES;
				CLANG_ENABLE_OBJC_ARC = YES;
				CLANG_ENABLE_OBJC_WEAK = YES;
				CLANG_WARN_BLOCK_CAPTURE_AUTORELEASING = YES;
				CLANG_WARN_BOOL_CONVERSION = YES;
				CLANG_WARN_COMMA = YES;
				CLANG_WARN_CONSTANT_CONVERSION = YES;
				CLANG_WARN_DEPRECATED_OBJC_IMPLEMENTATIONS = YES;
				CLANG_WARN_DIRECT_OBJC_ISA_USAGE = YES_ERROR;
				CLANG_WARN_DOCUMENTATION_COMMENTS = YES;
				CLANG_WARN_EMPTY_BODY = YES;
				CLANG_WARN_ENUM_CONVERSION = YES;
				CLANG_WARN_INFINITE_RECURSION = YES;
				CLANG_WARN_INT_CONVERSION = YES;
				CLANG_WARN_NON_LITERAL_NULL_CONVERSION = YES;
				CLANG_WARN_OBJC_IMPLICIT_RETAIN_SELF = YES;
				CLANG_WARN_OBJC_LITERAL_CONVERSION = YES;
				CLANG_WARN_OBJC_ROOT_CLASS = YES_ERROR;
				CLANG_WARN_RANGE_LOOP_ANALYSIS = YES;
				CLANG_WARN_STRICT_PROTOTYPES = YES;
				CLANG_WARN_SUSPICIOUS_MOVE = YES;
				CLANG_WARN_UNGUARDED_AVAILABILITY = YES_AGGRESSIVE;
				CLANG_WARN_UNREACHABLE_CODE = YES;
				CLANG_WARN__DUPLICATE_METHOD_MATCH = YES;
				CODE_SIGN_IDENTITY = "iPhone Developer";
				COPY_PHASE_STRIP = NO;
				DEBUG_INFORMATION_FORMAT = dwarf;
				ENABLE_STRICT_OBJC_MSGSEND = YES;
				ENABLE_TESTABILITY = YES;
				GCC_C_LANGUAGE_STANDARD = gnu11;
				GCC_DYNAMIC_NO_PIC = NO;
				GCC_NO_COMMON_BLOCKS = YES;
				GCC_OPTIMIZATION_LEVEL = 0;
				GCC_PREPROCESSOR_DEFINITIONS = (
					"DEBUG=1",
					"$(inherited)",
				);
				GCC_WARN_64_TO_32_BIT_CONVERSION = YES;
				GCC_WARN_ABOUT_RETURN_TYPE = YES_ERROR;
				GCC_WARN_UNDECLARED_SELECTOR = YES;
				GCC_WARN_UNINITIALIZED_AUTOS = YES_AGGRESSIVE;
				GCC_WARN_UNUSED_FUNCTION = YES;
				GCC_WARN_UNUSED_VARIABLE = YES;
				IPHONEOS_DEPLOYMENT_TARGET = 12.0;
				MTL_ENABLE_DEBUG_INFO = INCLUDE_SOURCE;
				MTL_FAST_MATH = YES;
				ONLY_ACTIVE_ARCH = YES;
				SDKROOT = iphoneos;
				SWIFT_ACTIVE_COMPILATION_CONDITIONS = DEBUG;
				SWIFT_OPTIMIZATION_LEVEL = "-Onone";
			};
			name = Debug;
		};
		9F2880A1216F351E002E2C4E /* Release */ = {
			isa = XCBuildConfiguration;
			buildSettings = {
				ALWAYS_SEARCH_USER_PATHS = NO;
				CLANG_ANALYZER_NONNULL = YES;
				CLANG_ANALYZER_NUMBER_OBJECT_CONVERSION = YES_AGGRESSIVE;
				CLANG_CXX_LANGUAGE_STANDARD = "gnu++14";
				CLANG_CXX_LIBRARY = "libc++";
				CLANG_ENABLE_MODULES = YES;
				CLANG_ENABLE_OBJC_ARC = YES;
				CLANG_ENABLE_OBJC_WEAK = YES;
				CLANG_WARN_BLOCK_CAPTURE_AUTORELEASING = YES;
				CLANG_WARN_BOOL_CONVERSION = YES;
				CLANG_WARN_COMMA = YES;
				CLANG_WARN_CONSTANT_CONVERSION = YES;
				CLANG_WARN_DEPRECATED_OBJC_IMPLEMENTATIONS = YES;
				CLANG_WARN_DIRECT_OBJC_ISA_USAGE = YES_ERROR;
				CLANG_WARN_DOCUMENTATION_COMMENTS = YES;
				CLANG_WARN_EMPTY_BODY = YES;
				CLANG_WARN_ENUM_CONVERSION = YES;
				CLANG_WARN_INFINITE_RECURSION = YES;
				CLANG_WARN_INT_CONVERSION = YES;
				CLANG_WARN_NON_LITERAL_NULL_CONVERSION = YES;
				CLANG_WARN_OBJC_IMPLICIT_RETAIN_SELF = YES;
				CLANG_WARN_OBJC_LITERAL_CONVERSION = YES;
				CLANG_WARN_OBJC_ROOT_CLASS = YES_ERROR;
				CLANG_WARN_RANGE_LOOP_ANALYSIS = YES;
				CLANG_WARN_STRICT_PROTOTYPES = YES;
				CLANG_WARN_SUSPICIOUS_MOVE = YES;
				CLANG_WARN_UNGUARDED_AVAILABILITY = YES_AGGRESSIVE;
				CLANG_WARN_UNREACHABLE_CODE = YES;
				CLANG_WARN__DUPLICATE_METHOD_MATCH = YES;
				CODE_SIGN_IDENTITY = "iPhone Developer";
				COPY_PHASE_STRIP = NO;
				DEBUG_INFORMATION_FORMAT = "dwarf-with-dsym";
				ENABLE_NS_ASSERTIONS = NO;
				ENABLE_STRICT_OBJC_MSGSEND = YES;
				GCC_C_LANGUAGE_STANDARD = gnu11;
				GCC_NO_COMMON_BLOCKS = YES;
				GCC_WARN_64_TO_32_BIT_CONVERSION = YES;
				GCC_WARN_ABOUT_RETURN_TYPE = YES_ERROR;
				GCC_WARN_UNDECLARED_SELECTOR = YES;
				GCC_WARN_UNINITIALIZED_AUTOS = YES_AGGRESSIVE;
				GCC_WARN_UNUSED_FUNCTION = YES;
				GCC_WARN_UNUSED_VARIABLE = YES;
				IPHONEOS_DEPLOYMENT_TARGET = 12.0;
				MTL_ENABLE_DEBUG_INFO = NO;
				MTL_FAST_MATH = YES;
				SDKROOT = iphoneos;
				SWIFT_COMPILATION_MODE = wholemodule;
				SWIFT_OPTIMIZATION_LEVEL = "-O";
				VALIDATE_PRODUCT = YES;
			};
			name = Release;
		};
		9F2880A3216F351E002E2C4E /* Debug */ = {
			isa = XCBuildConfiguration;
			baseConfigurationReference = 641C4609DF1CE0B7B5A87507 /* Pods-ToDo-List.debug.xcconfig */;
			buildSettings = {
				ASSETCATALOG_COMPILER_APPICON_NAME = AppIcon;
				CODE_SIGN_STYLE = Automatic;
				DEVELOPMENT_TEAM = 3JXBHZFM5Y;
				INFOPLIST_FILE = "ToDo-List/Info.plist";
				LD_RUNPATH_SEARCH_PATHS = (
					"$(inherited)",
					"@executable_path/Frameworks",
				);
				PRODUCT_BUNDLE_IDENTIFIER = "com.esansalv.ToDo-List";
				PRODUCT_NAME = "$(TARGET_NAME)";
				SWIFT_VERSION = 4.2;
				TARGETED_DEVICE_FAMILY = 1;
			};
			name = Debug;
		};
		9F2880A4216F351E002E2C4E /* Release */ = {
			isa = XCBuildConfiguration;
			baseConfigurationReference = CCA84FB32756BE17296D93F4 /* Pods-ToDo-List.release.xcconfig */;
			buildSettings = {
				ASSETCATALOG_COMPILER_APPICON_NAME = AppIcon;
				CODE_SIGN_STYLE = Automatic;
				DEVELOPMENT_TEAM = 3JXBHZFM5Y;
				INFOPLIST_FILE = "ToDo-List/Info.plist";
				LD_RUNPATH_SEARCH_PATHS = (
					"$(inherited)",
					"@executable_path/Frameworks",
				);
				PRODUCT_BUNDLE_IDENTIFIER = "com.esansalv.ToDo-List";
				PRODUCT_NAME = "$(TARGET_NAME)";
				SWIFT_VERSION = 4.2;
				TARGETED_DEVICE_FAMILY = 1;
			};
			name = Release;
		};
/* End XCBuildConfiguration section */

/* Begin XCConfigurationList section */
		9F28808B216F351D002E2C4E /* Build configuration list for PBXProject "ToDo-List" */ = {
			isa = XCConfigurationList;
			buildConfigurations = (
				9F2880A0216F351E002E2C4E /* Debug */,
				9F2880A1216F351E002E2C4E /* Release */,
			);
			defaultConfigurationIsVisible = 0;
			defaultConfigurationName = Release;
		};
		9F2880A2216F351E002E2C4E /* Build configuration list for PBXNativeTarget "ToDo-List" */ = {
			isa = XCConfigurationList;
			buildConfigurations = (
				9F2880A3216F351E002E2C4E /* Debug */,
				9F2880A4216F351E002E2C4E /* Release */,
			);
			defaultConfigurationIsVisible = 0;
			defaultConfigurationName = Release;
		};
/* End XCConfigurationList section */
	};
	rootObject = 9F288088216F351D002E2C4E /* Project object */;
}
